
Microsoft Visual Studio Solution File, Format Version 12.00
# Visual Studio Version 16
VisualStudioVersion = 16.0.29519.181
MinimumVisualStudioVersion = 10.0.40219.1
Project("{8BC9CEB8-8B4A-11D0-8D11-00A0C91BC942}") = "memory", "memory\memory.vcxproj", "{3CF3319D-F6CC-4875-812D-37BE6049A4FE}"
EndProject
Global
	GlobalSection(SolutionConfigurationPlatforms) = preSolution
		Debug|x64 = Debug|x64
		Debug|x86 = Debug|x86
		Release|x64 = Release|x64
		Release|x86 = Release|x86
	EndGlobalSection
	GlobalSection(ProjectConfigurationPlatforms) = postSolution
		{3CF3319D-F6CC-4875-812D-37BE6049A4FE}.Debug|x64.ActiveCfg = Debug|x64
		{3CF3319D-F6CC-4875-812D-37BE6049A4FE}.Debug|x64.Build.0 = Debug|x64
		{3CF3319D-F6CC-4875-812D-37BE6049A4FE}.Debug|x86.ActiveCfg = Debug|Win32
		{3CF3319D-F6CC-4875-812D-37BE6049A4FE}.Debug|x86.Build.0 = Debug|Win32
		{3CF3319D-F6CC-4875-812D-37BE6049A4FE}.Release|x64.ActiveCfg = Release|x64
		{3CF3319D-F6CC-4875-812D-37BE6049A4FE}.Release|x64.Build.0 = Release|x64
		{3CF3319D-F6CC-4875-812D-37BE6049A4FE}.Release|x86.ActiveCfg = Release|Win32
		{3CF3319D-F6CC-4875-812D-37BE6049A4FE}.Release|x86.Build.0 = Release|Win32
	EndGlobalSection
	GlobalSection(SolutionProperties) = preSolution
		HideSolutionNode = FALSE
	EndGlobalSection
	GlobalSection(ExtensibilityGlobals) = postSolution
		SolutionGuid = {B7338ACE-76D8-48B7-944D-742699D59196}
	EndGlobalSection
EndGlobal
